{
  "requires": true,
  "lockfileVersion": 1,
  "dependencies": {
    "bootstrap-markdown-editor-4": {
      "version": "3.0.0",
      "resolved": "https://registry.npmjs.org/bootstrap-markdown-editor-4/-/bootstrap-markdown-editor-4-3.0.0.tgz",
      "integrity": "sha1-/dz3sSNs+fqzDkitpE17QTbBLZs="
    }
  }
}
